
Microsoft Visual Studio Solution File, Format Version 12.00
# Visual Studio Version 16
VisualStudioVersion = 16.0.29926.136
MinimumVisualStudioVersion = 10.0.40219.1
Project("{9A19103F-16F7-4668-BE54-9A1E7A4F7556}") = "FeyeUav.Iaas.SocketPrototype.Server", "FeyeUav.Iaas.SocketPrototype.Server\FeyeUav.Iaas.SocketPrototype.Server.csproj", "{66400BCB-1FDD-4E3B-9CAB-9F508F2B93AD}"
EndProject
Project("{FAE04EC0-301F-11D3-BF4B-00C04F79EFBC}") = "FeyeUav.Iaas.SocketPrototype.Client", "FeyeUav.Iaas.SocketPrototype.Client\FeyeUav.Iaas.SocketPrototype.Client.csproj", "{0F9AEE49-9A57-4CAF-BED0-4DE49883CEF7}"
EndProject
Global
	GlobalSection(SolutionConfigurationPlatforms) = preSolution
		Debug|Any CPU = Debug|Any CPU
		Release|Any CPU = Release|Any CPU
	EndGlobalSection
	GlobalSection(ProjectConfigurationPlatforms) = postSolution
		{66400BCB-1FDD-4E3B-9CAB-9F508F2B93AD}.Debug|Any CPU.ActiveCfg = Debug|Any CPU
		{66400BCB-1FDD-4E3B-9CAB-9F508F2B93AD}.Debug|Any CPU.Build.0 = Debug|Any CPU
		{66400BCB-1FDD-4E3B-9CAB-9F508F2B93AD}.Release|Any CPU.ActiveCfg = Release|Any CPU
		{66400BCB-1FDD-4E3B-9CAB-9F508F2B93AD}.Release|Any CPU.Build.0 = Release|Any CPU
		{0F9AEE49-9A57-4CAF-BED0-4DE49883CEF7}.Debug|Any CPU.ActiveCfg = Debug|Any CPU
		{0F9AEE49-9A57-4CAF-BED0-4DE49883CEF7}.Debug|Any CPU.Build.0 = Debug|Any CPU
		{0F9AEE49-9A57-4CAF-BED0-4DE49883CEF7}.Release|Any CPU.ActiveCfg = Release|Any CPU
		{0F9AEE49-9A57-4CAF-BED0-4DE49883CEF7}.Release|Any CPU.Build.0 = Release|Any CPU
	EndGlobalSection
	GlobalSection(SolutionProperties) = preSolution
		HideSolutionNode = FALSE
	EndGlobalSection
	GlobalSection(ExtensibilityGlobals) = postSolution
		SolutionGuid = {1538830C-B13D-4EE2-8B41-AA6FD700B17D}
	EndGlobalSection
EndGlobal
